
Microsoft Visual Studio Solution File, Format Version 12.00
# Visual Studio 15
VisualStudioVersion = 15.0.27130.2026
MinimumVisualStudioVersion = 10.0.40219.1
Project("{8BC9CEB8-8B4A-11D0-8D11-00A0C91BC942}") = "QTWorkStation", "QTWorkStation\QTWorkStation.vcxproj", "{B12702AD-ABFB-343A-A199-8E24837244A3}"
EndProject
Project("{8BC9CEB8-8B4A-11D0-8D11-00A0C91BC942}") = "QTFileAnalysis", "QTFileAnalysis\QTFileAnalysis.vcxproj", "{042A5F23-A015-46F7-B21B-10CA5849B752}"
EndProject
Project("{8BC9CEB8-8B4A-11D0-8D11-00A0C91BC942}") = "QTManager", "QTManager\QTManager.vcxproj", "{58572508-3F38-4D7D-A505-9C86942B360E}"
EndProject
Project("{8BC9CEB8-8B4A-11D0-8D11-00A0C91BC942}") = "QTDistribute", "QTDistribute\QTDistribute.vcxproj", "{470D3B2E-9F21-4B89-982C-A136E455104D}"
EndProject
Project("{2150E333-8FDC-42A3-9474-1A3956D46DE8}") = "Solution Items", "Solution Items", "{927087DA-249E-4FC0-B13E-A7203BCD9D64}"
	ProjectSection(SolutionItems) = preProject
		readme.md = readme.md
	EndProjectSection
EndProject
Global
	GlobalSection(SolutionConfigurationPlatforms) = preSolution
		Debug|x64 = Debug|x64
		Debug|x86 = Debug|x86
		Release|x64 = Release|x64
		Release|x86 = Release|x86
	EndGlobalSection
	GlobalSection(ProjectConfigurationPlatforms) = postSolution
		{B12702AD-ABFB-343A-A199-8E24837244A3}.Debug|x64.ActiveCfg = Debug|x64
		{B12702AD-ABFB-343A-A199-8E24837244A3}.Debug|x64.Build.0 = Debug|x64
		{B12702AD-ABFB-343A-A199-8E24837244A3}.Debug|x86.ActiveCfg = Debug|x64
		{B12702AD-ABFB-343A-A199-8E24837244A3}.Release|x64.ActiveCfg = Release|x64
		{B12702AD-ABFB-343A-A199-8E24837244A3}.Release|x64.Build.0 = Release|x64
		{B12702AD-ABFB-343A-A199-8E24837244A3}.Release|x86.ActiveCfg = Release|x64
		{042A5F23-A015-46F7-B21B-10CA5849B752}.Debug|x64.ActiveCfg = Debug|x64
		{042A5F23-A015-46F7-B21B-10CA5849B752}.Debug|x64.Build.0 = Debug|x64
		{042A5F23-A015-46F7-B21B-10CA5849B752}.Debug|x86.ActiveCfg = Debug|x64
		{042A5F23-A015-46F7-B21B-10CA5849B752}.Release|x64.ActiveCfg = Release|x64
		{042A5F23-A015-46F7-B21B-10CA5849B752}.Release|x64.Build.0 = Release|x64
		{042A5F23-A015-46F7-B21B-10CA5849B752}.Release|x86.ActiveCfg = Release|x64
		{58572508-3F38-4D7D-A505-9C86942B360E}.Debug|x64.ActiveCfg = Debug|x64
		{58572508-3F38-4D7D-A505-9C86942B360E}.Debug|x64.Build.0 = Debug|x64
		{58572508-3F38-4D7D-A505-9C86942B360E}.Debug|x86.ActiveCfg = Debug|x64
		{58572508-3F38-4D7D-A505-9C86942B360E}.Release|x64.ActiveCfg = Release|x64
		{58572508-3F38-4D7D-A505-9C86942B360E}.Release|x64.Build.0 = Release|x64
		{58572508-3F38-4D7D-A505-9C86942B360E}.Release|x86.ActiveCfg = Release|x64
		{470D3B2E-9F21-4B89-982C-A136E455104D}.Debug|x64.ActiveCfg = Debug|x64
		{470D3B2E-9F21-4B89-982C-A136E455104D}.Debug|x64.Build.0 = Debug|x64
		{470D3B2E-9F21-4B89-982C-A136E455104D}.Debug|x86.ActiveCfg = Debug|x64
		{470D3B2E-9F21-4B89-982C-A136E455104D}.Release|x64.ActiveCfg = Release|x64
		{470D3B2E-9F21-4B89-982C-A136E455104D}.Release|x64.Build.0 = Release|x64
		{470D3B2E-9F21-4B89-982C-A136E455104D}.Release|x86.ActiveCfg = Release|x64
	EndGlobalSection
	GlobalSection(SolutionProperties) = preSolution
		HideSolutionNode = FALSE
	EndGlobalSection
	GlobalSection(ExtensibilityGlobals) = postSolution
		SolutionGuid = {1617214B-488D-4810-8338-D0E72E66AF83}
	EndGlobalSection
EndGlobal
